
Microsoft Visual Studio Solution File, Format Version 12.00
# Visual Studio Version 17
VisualStudioVersion = 17.5.002.0
MinimumVisualStudioVersion = 10.0.40219.1
Project("{2150E333-8FDC-42A3-9474-1A3956D46DE8}") = "College 1", "College 1", "{B9DCC3E6-16EA-4D98-A684-987A943470EA}"
EndProject
Project("{9A19103F-16F7-4668-BE54-9A1E7A4F7556}") = "Opdracht 1A", "College 1\Opdracht 1A\Opdracht 1A.csproj", "{31AC338B-C1AD-42A3-8071-BB7274EE6E81}"
EndProject
Project("{9A19103F-16F7-4668-BE54-9A1E7A4F7556}") = "Opdracht 1B", "College 1\Opdracht 1B\Opdracht 1B.csproj", "{77B21552-AD24-4715-BC54-DD03C9FF11BD}"
EndProject
Project("{9A19103F-16F7-4668-BE54-9A1E7A4F7556}") = "Opdracht 1C", "College 1\Opdracht 1C\Opdracht 1C.csproj", "{E80FCBCE-BFDE-4DC8-B21C-555B29F26EAA}"
EndProject
Project("{2150E333-8FDC-42A3-9474-1A3956D46DE8}") = "College 2", "College 2", "{1A2A6F93-3ABB-44BF-BFD1-8983C7D1B802}"
EndProject
Project("{9A19103F-16F7-4668-BE54-9A1E7A4F7556}") = "Opdracht 2B", "College 2\Opdracht 2B\Opdracht 2B.csproj", "{E1148B0F-3A22-4A8E-A0A3-031F0883047F}"
EndProject
Project("{FAE04EC0-301F-11D3-BF4B-00C04F79EFBC}") = "Tic-Tac-Toe", "Tic-Tac-Toe\Tic-Tac-Toe.csproj", "{275BD1C4-8DB1-4C14-8631-C31891A14B4C}"
EndProject
Global
	GlobalSection(SolutionConfigurationPlatforms) = preSolution
		Debug|Any CPU = Debug|Any CPU
		Release|Any CPU = Release|Any CPU
	EndGlobalSection
	GlobalSection(ProjectConfigurationPlatforms) = postSolution
		{31AC338B-C1AD-42A3-8071-BB7274EE6E81}.Debug|Any CPU.ActiveCfg = Debug|Any CPU
		{31AC338B-C1AD-42A3-8071-BB7274EE6E81}.Debug|Any CPU.Build.0 = Debug|Any CPU
		{31AC338B-C1AD-42A3-8071-BB7274EE6E81}.Release|Any CPU.ActiveCfg = Release|Any CPU
		{31AC338B-C1AD-42A3-8071-BB7274EE6E81}.Release|Any CPU.Build.0 = Release|Any CPU
		{77B21552-AD24-4715-BC54-DD03C9FF11BD}.Debug|Any CPU.ActiveCfg = Debug|Any CPU
		{77B21552-AD24-4715-BC54-DD03C9FF11BD}.Debug|Any CPU.Build.0 = Debug|Any CPU
		{77B21552-AD24-4715-BC54-DD03C9FF11BD}.Release|Any CPU.ActiveCfg = Release|Any CPU
		{77B21552-AD24-4715-BC54-DD03C9FF11BD}.Release|Any CPU.Build.0 = Release|Any CPU
		{E80FCBCE-BFDE-4DC8-B21C-555B29F26EAA}.Debug|Any CPU.ActiveCfg = Debug|Any CPU
		{E80FCBCE-BFDE-4DC8-B21C-555B29F26EAA}.Debug|Any CPU.Build.0 = Debug|Any CPU
		{E80FCBCE-BFDE-4DC8-B21C-555B29F26EAA}.Release|Any CPU.ActiveCfg = Release|Any CPU
		{E80FCBCE-BFDE-4DC8-B21C-555B29F26EAA}.Release|Any CPU.Build.0 = Release|Any CPU
		{E1148B0F-3A22-4A8E-A0A3-031F0883047F}.Debug|Any CPU.ActiveCfg = Debug|Any CPU
		{E1148B0F-3A22-4A8E-A0A3-031F0883047F}.Debug|Any CPU.Build.0 = Debug|Any CPU
		{E1148B0F-3A22-4A8E-A0A3-031F0883047F}.Release|Any CPU.ActiveCfg = Release|Any CPU
		{E1148B0F-3A22-4A8E-A0A3-031F0883047F}.Release|Any CPU.Build.0 = Release|Any CPU
		{275BD1C4-8DB1-4C14-8631-C31891A14B4C}.Debug|Any CPU.ActiveCfg = Debug|Any CPU
		{275BD1C4-8DB1-4C14-8631-C31891A14B4C}.Debug|Any CPU.Build.0 = Debug|Any CPU
		{275BD1C4-8DB1-4C14-8631-C31891A14B4C}.Release|Any CPU.ActiveCfg = Release|Any CPU
		{275BD1C4-8DB1-4C14-8631-C31891A14B4C}.Release|Any CPU.Build.0 = Release|Any CPU
	EndGlobalSection
	GlobalSection(SolutionProperties) = preSolution
		HideSolutionNode = FALSE
	EndGlobalSection
	GlobalSection(NestedProjects) = preSolution
		{31AC338B-C1AD-42A3-8071-BB7274EE6E81} = {B9DCC3E6-16EA-4D98-A684-987A943470EA}
		{77B21552-AD24-4715-BC54-DD03C9FF11BD} = {B9DCC3E6-16EA-4D98-A684-987A943470EA}
		{E80FCBCE-BFDE-4DC8-B21C-555B29F26EAA} = {B9DCC3E6-16EA-4D98-A684-987A943470EA}
		{E1148B0F-3A22-4A8E-A0A3-031F0883047F} = {1A2A6F93-3ABB-44BF-BFD1-8983C7D1B802}
	EndGlobalSection
	GlobalSection(ExtensibilityGlobals) = postSolution
		SolutionGuid = {0D566A02-D5DD-4B55-B7BB-BDE51FEF02FF}
	EndGlobalSection
EndGlobal
