
Microsoft Visual Studio Solution File, Format Version 12.00
# Visual Studio Version 17
VisualStudioVersion = 17.5.002.0
MinimumVisualStudioVersion = 10.0.40219.1
Project("{2150E333-8FDC-42A3-9474-1A3956D46DE8}") = "College 1", "College 1", "{59D177DE-645E-459E-85C3-F71D63EAA111}"
EndProject
Project("{9A19103F-16F7-4668-BE54-9A1E7A4F7556}") = "Opdracht 1A", "College 1\Opdracht 1A\Opdracht 1A.csproj", "{383F3053-D102-4AA4-AF1D-29052E804C3D}"
EndProject
Project("{9A19103F-16F7-4668-BE54-9A1E7A4F7556}") = "Opdracht 1B", "College 1\Opdracht 1B\Opdracht 1B.csproj", "{21308058-FEA9-4AD9-990E-52C3748F660B}"
EndProject
Project("{9A19103F-16F7-4668-BE54-9A1E7A4F7556}") = "Opdracht 1C", "College 1\Opdracht 1C\Opdracht 1C.csproj", "{D7627EFC-D3C3-4BD1-BE95-EF14919CDD3D}"
EndProject
Project("{FAE04EC0-301F-11D3-BF4B-00C04F79EFBC}") = "Test", "Test\Test.csproj", "{57EEF226-F85B-4E45-8ADD-EF48791C4C46}"
EndProject
Project("{FAE04EC0-301F-11D3-BF4B-00C04F79EFBC}") = "Testing", "College 1\Testing\Testing.csproj", "{F9D39113-F307-44A5-A092-B72822F00857}"
EndProject
Global
	GlobalSection(SolutionConfigurationPlatforms) = preSolution
		Debug|Any CPU = Debug|Any CPU
		Release|Any CPU = Release|Any CPU
	EndGlobalSection
	GlobalSection(ProjectConfigurationPlatforms) = postSolution
		{383F3053-D102-4AA4-AF1D-29052E804C3D}.Debug|Any CPU.ActiveCfg = Debug|Any CPU
		{383F3053-D102-4AA4-AF1D-29052E804C3D}.Debug|Any CPU.Build.0 = Debug|Any CPU
		{383F3053-D102-4AA4-AF1D-29052E804C3D}.Release|Any CPU.ActiveCfg = Release|Any CPU
		{383F3053-D102-4AA4-AF1D-29052E804C3D}.Release|Any CPU.Build.0 = Release|Any CPU
		{21308058-FEA9-4AD9-990E-52C3748F660B}.Debug|Any CPU.ActiveCfg = Debug|Any CPU
		{21308058-FEA9-4AD9-990E-52C3748F660B}.Debug|Any CPU.Build.0 = Debug|Any CPU
		{21308058-FEA9-4AD9-990E-52C3748F660B}.Release|Any CPU.ActiveCfg = Release|Any CPU
		{21308058-FEA9-4AD9-990E-52C3748F660B}.Release|Any CPU.Build.0 = Release|Any CPU
		{D7627EFC-D3C3-4BD1-BE95-EF14919CDD3D}.Debug|Any CPU.ActiveCfg = Debug|Any CPU
		{D7627EFC-D3C3-4BD1-BE95-EF14919CDD3D}.Debug|Any CPU.Build.0 = Debug|Any CPU
		{D7627EFC-D3C3-4BD1-BE95-EF14919CDD3D}.Release|Any CPU.ActiveCfg = Release|Any CPU
		{D7627EFC-D3C3-4BD1-BE95-EF14919CDD3D}.Release|Any CPU.Build.0 = Release|Any CPU
		{57EEF226-F85B-4E45-8ADD-EF48791C4C46}.Debug|Any CPU.ActiveCfg = Debug|Any CPU
		{57EEF226-F85B-4E45-8ADD-EF48791C4C46}.Debug|Any CPU.Build.0 = Debug|Any CPU
		{57EEF226-F85B-4E45-8ADD-EF48791C4C46}.Release|Any CPU.ActiveCfg = Release|Any CPU
		{57EEF226-F85B-4E45-8ADD-EF48791C4C46}.Release|Any CPU.Build.0 = Release|Any CPU
		{F9D39113-F307-44A5-A092-B72822F00857}.Debug|Any CPU.ActiveCfg = Debug|Any CPU
		{F9D39113-F307-44A5-A092-B72822F00857}.Debug|Any CPU.Build.0 = Debug|Any CPU
		{F9D39113-F307-44A5-A092-B72822F00857}.Release|Any CPU.ActiveCfg = Release|Any CPU
		{F9D39113-F307-44A5-A092-B72822F00857}.Release|Any CPU.Build.0 = Release|Any CPU
	EndGlobalSection
	GlobalSection(SolutionProperties) = preSolution
		HideSolutionNode = FALSE
	EndGlobalSection
	GlobalSection(NestedProjects) = preSolution
		{383F3053-D102-4AA4-AF1D-29052E804C3D} = {59D177DE-645E-459E-85C3-F71D63EAA111}
		{21308058-FEA9-4AD9-990E-52C3748F660B} = {59D177DE-645E-459E-85C3-F71D63EAA111}
		{D7627EFC-D3C3-4BD1-BE95-EF14919CDD3D} = {59D177DE-645E-459E-85C3-F71D63EAA111}
		{F9D39113-F307-44A5-A092-B72822F00857} = {59D177DE-645E-459E-85C3-F71D63EAA111}
	EndGlobalSection
	GlobalSection(ExtensibilityGlobals) = postSolution
		SolutionGuid = {D8A0687C-350C-450D-887B-26E38B3B9AE2}
	EndGlobalSection
EndGlobal
